
Microsoft Visual Studio Solution File, Format Version 12.00
# Visual Studio Version 17
VisualStudioVersion = 17.14.36518.9 d17.14
MinimumVisualStudioVersion = 10.0.40219.1
Project("{FAE04EC0-301F-11D3-BF4B-00C04F79EFBC}") = "DiskMonitor", "DiskMonitor.csproj", "{B1BACE36-3C83-463A-BE26-098AE4811C65}"
EndProject
Global
	GlobalSection(SolutionConfigurationPlatforms) = preSolution
		Debug|Any CPU = Debug|Any CPU
		Release|Any CPU = Release|Any CPU
	EndGlobalSection
	GlobalSection(ProjectConfigurationPlatforms) = postSolution
		{B1BACE36-3C83-463A-BE26-098AE4811C65}.Debug|Any CPU.ActiveCfg = Debug|Any CPU
		{B1BACE36-3C83-463A-BE26-098AE4811C65}.Debug|Any CPU.Build.0 = Debug|Any CPU
		{B1BACE36-3C83-463A-BE26-098AE4811C65}.Release|Any CPU.ActiveCfg = Release|Any CPU
		{B1BACE36-3C83-463A-BE26-098AE4811C65}.Release|Any CPU.Build.0 = Release|Any CPU
	EndGlobalSection
	GlobalSection(SolutionProperties) = preSolution
		HideSolutionNode = FALSE
	EndGlobalSection
	GlobalSection(ExtensibilityGlobals) = postSolution
		SolutionGuid = {6C7A2415-E4AA-42EA-8B1C-9A790E92C47E}
	EndGlobalSection
EndGlobal
